// !$*UTF8*$!
{
	archiveVersion = 1;
	classes = {
	};
	objectVersion = 50;
	objects = {

/* Begin PBXBuildFile section */
		38C2BCE3243E5C330009A015 /* Shortcut.swift in Sources */ = {isa = PBXBuildFile; fileRef = 38C2BCE2243E5C330009A015 /* Shortcut.swift */; };
		38C2BCE5243E5C4B0009A015 /* Key.swift in Sources */ = {isa = PBXBuildFile; fileRef = 38C2BCE4243E5C4B0009A015 /* Key.swift */; };
		DA9155C1D92301000C308933 /* libPods-XTouchBar.a in Frameworks */ = {isa = PBXBuildFile; fileRef = 64D2CA2E260FD1DF0ADC0E34 /* libPods-XTouchBar.a */; };
		E72CE3A024103A9D00B9283D /* AppDelegate.swift in Sources */ = {isa = PBXBuildFile; fileRef = E72CE39F24103A9D00B9283D /* AppDelegate.swift */; };
		E72CE3A424103AA000B9283D /* Assets.xcassets in Resources */ = {isa = PBXBuildFile; fileRef = E72CE3A324103AA000B9283D /* Assets.xcassets */; };
		E72CE3A724103AA000B9283D /* Main.storyboard in Resources */ = {isa = PBXBuildFile; fileRef = E72CE3A524103AA000B9283D /* Main.storyboard */; };
		E72CE3B324103AA100B9283D /* XTouchBarTests.swift in Sources */ = {isa = PBXBuildFile; fileRef = E72CE3B224103AA100B9283D /* XTouchBarTests.swift */; };
		E751310624701EC7003B7A54 /* TouchBar+Identifiers.swift in Sources */ = {isa = PBXBuildFile; fileRef = E751310524701EC7003B7A54 /* TouchBar+Identifiers.swift */; };
		E7557608243BAC2800441B69 /* TouchBarPresenter.swift in Sources */ = {isa = PBXBuildFile; fileRef = E7557607243BAC2800441B69 /* TouchBarPresenter.swift */; };
		E771847F244F5812000DE4EC /* ConfigurationStorage.swift in Sources */ = {isa = PBXBuildFile; fileRef = E771847E244F5812000DE4EC /* ConfigurationStorage.swift */; };
		E7718484244F630F000DE4EC /* Shortcut+Instances.swift in Sources */ = {isa = PBXBuildFile; fileRef = E7718482244F62B1000DE4EC /* Shortcut+Instances.swift */; };
		E7718486244FAC39000DE4EC /* MenuCreator.swift in Sources */ = {isa = PBXBuildFile; fileRef = E7718485244FAC39000DE4EC /* MenuCreator.swift */; };
		E771848A245055BA000DE4EC /* Configuration.swift in Sources */ = {isa = PBXBuildFile; fileRef = E7718489245055BA000DE4EC /* Configuration.swift */; };
		E771848C24505966000DE4EC /* ConfigurationMapper.swift in Sources */ = {isa = PBXBuildFile; fileRef = E771848B24505966000DE4EC /* ConfigurationMapper.swift */; };
		E78F583D2413C6AC00420566 /* NSTouchbarSupport.swift in Sources */ = {isa = PBXBuildFile; fileRef = E78F583C2413C6AC00420566 /* NSTouchbarSupport.swift */; };
		E78FF299243F5DB300EBA80D /* Colors.swift in Sources */ = {isa = PBXBuildFile; fileRef = E78FF298243F5DB300EBA80D /* Colors.swift */; };
		E796044824367CE400F39215 /* README.md in Resources */ = {isa = PBXBuildFile; fileRef = E796044724367CE400F39215 /* README.md */; };
		E796044A24367E3100F39215 /* Constants.swift in Sources */ = {isa = PBXBuildFile; fileRef = E796044924367E3100F39215 /* Constants.swift */; };
		E7CC787E2447E59D0092AAFF /* KeyPresser.swift in Sources */ = {isa = PBXBuildFile; fileRef = E7CC787D2447E59D0092AAFF /* KeyPresser.swift */; };
		E7DAC10E2437DD17002A1DD9 /* DFRFoundation.framework in Frameworks */ = {isa = PBXBuildFile; fileRef = 385EA4122437D68B0064C23D /* DFRFoundation.framework */; };
		E7DAC10F2437DD17002A1DD9 /* DFRFoundation.framework in Embed Frameworks */ = {isa = PBXBuildFile; fileRef = 385EA4122437D68B0064C23D /* DFRFoundation.framework */; settings = {ATTRIBUTES = (CodeSignOnCopy, RemoveHeadersOnCopy, ); }; };
		FFEB044AFA6D7225CD1453B7 /* libPods-XTouchBarTests.a in Frameworks */ = {isa = PBXBuildFile; fileRef = 8749E3047755FCE1100C04BB /* libPods-XTouchBarTests.a */; };
/* End PBXBuildFile section */

/* Begin PBXContainerItemProxy section */
		E72CE3AF24103AA100B9283D /* PBXContainerItemProxy */ = {
			isa = PBXContainerItemProxy;
			containerPortal = E72CE39424103A9D00B9283D /* Project object */;
			proxyType = 1;
			remoteGlobalIDString = E72CE39B24103A9D00B9283D;
			remoteInfo = TouchingMyBar;
		};
/* End PBXContainerItemProxy section */

/* Begin PBXCopyFilesBuildPhase section */
		E7DAC1102437DD17002A1DD9 /* Embed Frameworks */ = {
			isa = PBXCopyFilesBuildPhase;
			buildActionMask = 2147483647;
			dstPath = "";
			dstSubfolderSpec = 10;
			files = (
				E7DAC10F2437DD17002A1DD9 /* DFRFoundation.framework in Embed Frameworks */,
			);
			name = "Embed Frameworks";
			runOnlyForDeploymentPostprocessing = 0;
		};
/* End PBXCopyFilesBuildPhase section */

/* Begin PBXFileReference section */
		08EAC9769BAEA2862342770F /* Pods-XTouchBar.release.xcconfig */ = {isa = PBXFileReference; includeInIndex = 1; lastKnownFileType = text.xcconfig; name = "Pods-XTouchBar.release.xcconfig"; path = "Target Support Files/Pods-XTouchBar/Pods-XTouchBar.release.xcconfig"; sourceTree = "<group>"; };
		385EA4122437D68B0064C23D /* DFRFoundation.framework */ = {isa = PBXFileReference; lastKnownFileType = wrapper.framework; name = DFRFoundation.framework; path = ../../../../../../System/Library/PrivateFrameworks/DFRFoundation.framework; sourceTree = "<group>"; };
		385EA4162437D6E30064C23D /* IDEKit.framework */ = {isa = PBXFileReference; lastKnownFileType = wrapper.framework; name = IDEKit.framework; path = ../../../../../../Applications/Xcode.app/Contents/Frameworks/IDEKit.framework; sourceTree = "<group>"; };
		38C2BCE2243E5C330009A015 /* Shortcut.swift */ = {isa = PBXFileReference; lastKnownFileType = sourcecode.swift; path = Shortcut.swift; sourceTree = "<group>"; };
		38C2BCE4243E5C4B0009A015 /* Key.swift */ = {isa = PBXFileReference; lastKnownFileType = sourcecode.swift; path = Key.swift; sourceTree = "<group>"; };
		471B4F47B60A01FB0A2FC13F /* Pods-XTouchBar.debug.xcconfig */ = {isa = PBXFileReference; includeInIndex = 1; lastKnownFileType = text.xcconfig; name = "Pods-XTouchBar.debug.xcconfig"; path = "Target Support Files/Pods-XTouchBar/Pods-XTouchBar.debug.xcconfig"; sourceTree = "<group>"; };
		545549BEFF5E2E7942168D63 /* Pods-XTouchBarTests.release.xcconfig */ = {isa = PBXFileReference; includeInIndex = 1; lastKnownFileType = text.xcconfig; name = "Pods-XTouchBarTests.release.xcconfig"; path = "Target Support Files/Pods-XTouchBarTests/Pods-XTouchBarTests.release.xcconfig"; sourceTree = "<group>"; };
		64D2CA2E260FD1DF0ADC0E34 /* libPods-XTouchBar.a */ = {isa = PBXFileReference; explicitFileType = archive.ar; includeInIndex = 0; path = "libPods-XTouchBar.a"; sourceTree = BUILT_PRODUCTS_DIR; };
		8749E3047755FCE1100C04BB /* libPods-XTouchBarTests.a */ = {isa = PBXFileReference; explicitFileType = archive.ar; includeInIndex = 0; path = "libPods-XTouchBarTests.a"; sourceTree = BUILT_PRODUCTS_DIR; };
		ADB8D748B373379DF8FB7DA0 /* Pods-XTouchBarTests.debug.xcconfig */ = {isa = PBXFileReference; includeInIndex = 1; lastKnownFileType = text.xcconfig; name = "Pods-XTouchBarTests.debug.xcconfig"; path = "Target Support Files/Pods-XTouchBarTests/Pods-XTouchBarTests.debug.xcconfig"; sourceTree = "<group>"; };
		E72CE39C24103A9D00B9283D /* XTouchBar.app */ = {isa = PBXFileReference; explicitFileType = wrapper.application; includeInIndex = 0; path = XTouchBar.app; sourceTree = BUILT_PRODUCTS_DIR; };
		E72CE39F24103A9D00B9283D /* AppDelegate.swift */ = {isa = PBXFileReference; lastKnownFileType = sourcecode.swift; path = AppDelegate.swift; sourceTree = "<group>"; };
		E72CE3A324103AA000B9283D /* Assets.xcassets */ = {isa = PBXFileReference; lastKnownFileType = folder.assetcatalog; path = Assets.xcassets; sourceTree = "<group>"; };
		E72CE3A624103AA000B9283D /* Base */ = {isa = PBXFileReference; lastKnownFileType = file.storyboard; name = Base; path = Base.lproj/Main.storyboard; sourceTree = "<group>"; };
		E72CE3A824103AA000B9283D /* Info.plist */ = {isa = PBXFileReference; lastKnownFileType = text.plist.xml; path = Info.plist; sourceTree = "<group>"; };
		E72CE3A924103AA000B9283D /* XTouchBar.entitlements */ = {isa = PBXFileReference; lastKnownFileType = text.plist.entitlements; path = XTouchBar.entitlements; sourceTree = "<group>"; };
		E72CE3AE24103AA100B9283D /* XTouchBarTests.xctest */ = {isa = PBXFileReference; explicitFileType = wrapper.cfbundle; includeInIndex = 0; path = XTouchBarTests.xctest; sourceTree = BUILT_PRODUCTS_DIR; };
		E72CE3B224103AA100B9283D /* XTouchBarTests.swift */ = {isa = PBXFileReference; lastKnownFileType = sourcecode.swift; path = XTouchBarTests.swift; sourceTree = "<group>"; };
		E72CE3B424103AA100B9283D /* Info.plist */ = {isa = PBXFileReference; lastKnownFileType = text.plist.xml; path = Info.plist; sourceTree = "<group>"; };
		E72CE3C424103EE800B9283D /* TouchBarPrivateApi.h */ = {isa = PBXFileReference; lastKnownFileType = sourcecode.c.h; path = TouchBarPrivateApi.h; sourceTree = "<group>"; };
		E72CE3C524103EE800B9283D /* Bridging.h */ = {isa = PBXFileReference; lastKnownFileType = sourcecode.c.h; path = Bridging.h; sourceTree = "<group>"; };
		E751310524701EC7003B7A54 /* TouchBar+Identifiers.swift */ = {isa = PBXFileReference; lastKnownFileType = sourcecode.swift; path = "TouchBar+Identifiers.swift"; sourceTree = "<group>"; };
		E7557607243BAC2800441B69 /* TouchBarPresenter.swift */ = {isa = PBXFileReference; lastKnownFileType = sourcecode.swift; path = TouchBarPresenter.swift; sourceTree = "<group>"; };
		E771847E244F5812000DE4EC /* ConfigurationStorage.swift */ = {isa = PBXFileReference; lastKnownFileType = sourcecode.swift; path = ConfigurationStorage.swift; sourceTree = "<group>"; };
		E7718482244F62B1000DE4EC /* Shortcut+Instances.swift */ = {isa = PBXFileReference; lastKnownFileType = sourcecode.swift; path = "Shortcut+Instances.swift"; sourceTree = "<group>"; };
		E7718485244FAC39000DE4EC /* MenuCreator.swift */ = {isa = PBXFileReference; lastKnownFileType = sourcecode.swift; path = MenuCreator.swift; sourceTree = "<group>"; };
		E7718489245055BA000DE4EC /* Configuration.swift */ = {isa = PBXFileReference; lastKnownFileType = sourcecode.swift; path = Configuration.swift; sourceTree = "<group>"; };
		E771848B24505966000DE4EC /* ConfigurationMapper.swift */ = {isa = PBXFileReference; lastKnownFileType = sourcecode.swift; path = ConfigurationMapper.swift; sourceTree = "<group>"; };
		E78F583C2413C6AC00420566 /* NSTouchbarSupport.swift */ = {isa = PBXFileReference; lastKnownFileType = sourcecode.swift; path = NSTouchbarSupport.swift; sourceTree = "<group>"; };
		E78FF298243F5DB300EBA80D /* Colors.swift */ = {isa = PBXFileReference; lastKnownFileType = sourcecode.swift; path = Colors.swift; sourceTree = "<group>"; };
		E796044724367CE400F39215 /* README.md */ = {isa = PBXFileReference; fileEncoding = 4; lastKnownFileType = net.daringfireball.markdown; path = README.md; sourceTree = SOURCE_ROOT; };
		E796044924367E3100F39215 /* Constants.swift */ = {isa = PBXFileReference; lastKnownFileType = sourcecode.swift; path = Constants.swift; sourceTree = "<group>"; };
		E7CC787D2447E59D0092AAFF /* KeyPresser.swift */ = {isa = PBXFileReference; lastKnownFileType = sourcecode.swift; path = KeyPresser.swift; sourceTree = "<group>"; };
/* End PBXFileReference section */

/* Begin PBXFrameworksBuildPhase section */
		E72CE39924103A9D00B9283D /* Frameworks */ = {
			isa = PBXFrameworksBuildPhase;
			buildActionMask = 2147483647;
			files = (
				E7DAC10E2437DD17002A1DD9 /* DFRFoundation.framework in Frameworks */,
				DA9155C1D92301000C308933 /* libPods-XTouchBar.a in Frameworks */,
			);
			runOnlyForDeploymentPostprocessing = 0;
		};
		E72CE3AB24103AA000B9283D /* Frameworks */ = {
			isa = PBXFrameworksBuildPhase;
			buildActionMask = 2147483647;
			files = (
				FFEB044AFA6D7225CD1453B7 /* libPods-XTouchBarTests.a in Frameworks */,
			);
			runOnlyForDeploymentPostprocessing = 0;
		};
/* End PBXFrameworksBuildPhase section */

/* Begin PBXGroup section */
		901FDE3EB703680609389540 /* Pods */ = {
			isa = PBXGroup;
			children = (
				471B4F47B60A01FB0A2FC13F /* Pods-XTouchBar.debug.xcconfig */,
				08EAC9769BAEA2862342770F /* Pods-XTouchBar.release.xcconfig */,
				ADB8D748B373379DF8FB7DA0 /* Pods-XTouchBarTests.debug.xcconfig */,
				545549BEFF5E2E7942168D63 /* Pods-XTouchBarTests.release.xcconfig */,
			);
			path = Pods;
			sourceTree = "<group>";
		};
		E72CE39324103A9D00B9283D = {
			isa = PBXGroup;
			children = (
				E72CE39E24103A9D00B9283D /* XTouchBar */,
				E72CE3B124103AA100B9283D /* XTouchBarTests */,
				E72CE39D24103A9D00B9283D /* Products */,
				E72CE3C8241045E200B9283D /* Frameworks */,
				901FDE3EB703680609389540 /* Pods */,
			);
			sourceTree = "<group>";
			tabWidth = 4;
			usesTabs = 0;
		};
		E72CE39D24103A9D00B9283D /* Products */ = {
			isa = PBXGroup;
			children = (
				E72CE39C24103A9D00B9283D /* XTouchBar.app */,
				E72CE3AE24103AA100B9283D /* XTouchBarTests.xctest */,
			);
			name = Products;
			sourceTree = "<group>";
		};
		E72CE39E24103A9D00B9283D /* XTouchBar */ = {
			isa = PBXGroup;
			children = (
				E796044724367CE400F39215 /* README.md */,
				E72CE3C524103EE800B9283D /* Bridging.h */,
				E72CE39F24103A9D00B9283D /* AppDelegate.swift */,
				E7718485244FAC39000DE4EC /* MenuCreator.swift */,
				E779DF4D2437DE4600A70379 /* TouchBarSupport */,
				E7CC78802448A9AA0092AAFF /* Constants */,
				E7CC787F2448A98F0092AAFF /* UserPreferences */,
				E76CBC5C2442002D002349DC /* Shortcut */,
				E72CE3A324103AA000B9283D /* Assets.xcassets */,
				E72CE3A524103AA000B9283D /* Main.storyboard */,
				E72CE3A824103AA000B9283D /* Info.plist */,
				E72CE3A924103AA000B9283D /* XTouchBar.entitlements */,
			);
			path = XTouchBar;
			sourceTree = "<group>";
		};
		E72CE3B124103AA100B9283D /* XTouchBarTests */ = {
			isa = PBXGroup;
			children = (
				E72CE3B224103AA100B9283D /* XTouchBarTests.swift */,
				E72CE3B424103AA100B9283D /* Info.plist */,
			);
			path = XTouchBarTests;
			sourceTree = "<group>";
		};
		E72CE3C8241045E200B9283D /* Frameworks */ = {
			isa = PBXGroup;
			children = (
				385EA4162437D6E30064C23D /* IDEKit.framework */,
				385EA4122437D68B0064C23D /* DFRFoundation.framework */,
				64D2CA2E260FD1DF0ADC0E34 /* libPods-XTouchBar.a */,
				8749E3047755FCE1100C04BB /* libPods-XTouchBarTests.a */,
			);
			name = Frameworks;
			sourceTree = "<group>";
		};
		E76CBC5C2442002D002349DC /* Shortcut */ = {
			isa = PBXGroup;
			children = (
				38C2BCE2243E5C330009A015 /* Shortcut.swift */,
				E7718482244F62B1000DE4EC /* Shortcut+Instances.swift */,
				38C2BCE4243E5C4B0009A015 /* Key.swift */,
				E7CC787D2447E59D0092AAFF /* KeyPresser.swift */,
			);
			path = Shortcut;
			sourceTree = "<group>";
		};
		E779DF4D2437DE4600A70379 /* TouchBarSupport */ = {
			isa = PBXGroup;
			children = (
				E7557607243BAC2800441B69 /* TouchBarPresenter.swift */,
				E72CE3C424103EE800B9283D /* TouchBarPrivateApi.h */,
				E78F583C2413C6AC00420566 /* NSTouchbarSupport.swift */,
				E751310524701EC7003B7A54 /* TouchBar+Identifiers.swift */,
			);
			path = TouchBarSupport;
			sourceTree = "<group>";
		};
		E7CC787F2448A98F0092AAFF /* UserPreferences */ = {
			isa = PBXGroup;
			children = (
				E771847E244F5812000DE4EC /* ConfigurationStorage.swift */,
				E7718489245055BA000DE4EC /* Configuration.swift */,
				E771848B24505966000DE4EC /* ConfigurationMapper.swift */,
			);
			path = UserPreferences;
			sourceTree = "<group>";
		};
		E7CC78802448A9AA0092AAFF /* Constants */ = {
			isa = PBXGroup;
			children = (
				E796044924367E3100F39215 /* Constants.swift */,
				E78FF298243F5DB300EBA80D /* Colors.swift */,
			);
			path = Constants;
			sourceTree = "<group>";
		};
/* End PBXGroup section */

/* Begin PBXNativeTarget section */
		E72CE39B24103A9D00B9283D /* XTouchBar */ = {
			isa = PBXNativeTarget;
			buildConfigurationList = E72CE3B724103AA100B9283D /* Build configuration list for PBXNativeTarget "XTouchBar" */;
			buildPhases = (
				A44BD0ACE2F3620193EFE158 /* [CP] Check Pods Manifest.lock */,
				E72CE39824103A9D00B9283D /* Sources */,
				E72CE39924103A9D00B9283D /* Frameworks */,
				E72CE39A24103A9D00B9283D /* Resources */,
				E7DAC1102437DD17002A1DD9 /* Embed Frameworks */,
				E7CC78792447CDB90092AAFF /* ŠwiftLint */,
			);
			buildRules = (
			);
			dependencies = (
			);
			name = XTouchBar;
			productName = TouchingMyBar;
			productReference = E72CE39C24103A9D00B9283D /* XTouchBar.app */;
			productType = "com.apple.product-type.application";
		};
		E72CE3AD24103AA000B9283D /* XTouchBarTests */ = {
			isa = PBXNativeTarget;
			buildConfigurationList = E72CE3BA24103AA100B9283D /* Build configuration list for PBXNativeTarget "XTouchBarTests" */;
			buildPhases = (
				B564E5D8E712468F1A9A1A13 /* [CP] Check Pods Manifest.lock */,
				E72CE3AA24103AA000B9283D /* Sources */,
				E72CE3AB24103AA000B9283D /* Frameworks */,
				E72CE3AC24103AA000B9283D /* Resources */,
			);
			buildRules = (
			);
			dependencies = (
				E72CE3B024103AA100B9283D /* PBXTargetDependency */,
			);
			name = XTouchBarTests;
			productName = TouchingMyBarTests;
			productReference = E72CE3AE24103AA100B9283D /* XTouchBarTests.xctest */;
			productType = "com.apple.product-type.bundle.unit-test";
		};
/* End PBXNativeTarget section */

/* Begin PBXProject section */
		E72CE39424103A9D00B9283D /* Project object */ = {
			isa = PBXProject;
			attributes = {
				LastSwiftUpdateCheck = 1130;
				LastUpgradeCheck = 1130;
				ORGANIZATIONNAME = "Dominik Bucher";
				TargetAttributes = {
					E72CE39B24103A9D00B9283D = {
						CreatedOnToolsVersion = 11.3.1;
					};
					E72CE3AD24103AA000B9283D = {
						CreatedOnToolsVersion = 11.3.1;
						TestTargetID = E72CE39B24103A9D00B9283D;
					};
				};
			};
			buildConfigurationList = E72CE39724103A9D00B9283D /* Build configuration list for PBXProject "XTouchBar" */;
			compatibilityVersion = "Xcode 9.3";
			developmentRegion = en;
			hasScannedForEncodings = 0;
			knownRegions = (
				en,
				Base,
			);
			mainGroup = E72CE39324103A9D00B9283D;
			productRefGroup = E72CE39D24103A9D00B9283D /* Products */;
			projectDirPath = "";
			projectRoot = "";
			targets = (
				E72CE39B24103A9D00B9283D /* XTouchBar */,
				E72CE3AD24103AA000B9283D /* XTouchBarTests */,
			);
		};
/* End PBXProject section */

/* Begin PBXResourcesBuildPhase section */
		E72CE39A24103A9D00B9283D /* Resources */ = {
			isa = PBXResourcesBuildPhase;
			buildActionMask = 2147483647;
			files = (
				E72CE3A424103AA000B9283D /* Assets.xcassets in Resources */,
				E796044824367CE400F39215 /* README.md in Resources */,
				E72CE3A724103AA000B9283D /* Main.storyboard in Resources */,
			);
			runOnlyForDeploymentPostprocessing = 0;
		};
		E72CE3AC24103AA000B9283D /* Resources */ = {
			isa = PBXResourcesBuildPhase;
			buildActionMask = 2147483647;
			files = (
			);
			runOnlyForDeploymentPostprocessing = 0;
		};
/* End PBXResourcesBuildPhase section */

/* Begin PBXShellScriptBuildPhase section */
		A44BD0ACE2F3620193EFE158 /* [CP] Check Pods Manifest.lock */ = {
			isa = PBXShellScriptBuildPhase;
			buildActionMask = 2147483647;
			files = (
			);
			inputFileListPaths = (
			);
			inputPaths = (
				"${PODS_PODFILE_DIR_PATH}/Podfile.lock",
				"${PODS_ROOT}/Manifest.lock",
			);
			name = "[CP] Check Pods Manifest.lock";
			outputFileListPaths = (
			);
			outputPaths = (
				"$(DERIVED_FILE_DIR)/Pods-XTouchBar-checkManifestLockResult.txt",
			);
			runOnlyForDeploymentPostprocessing = 0;
			shellPath = /bin/sh;
			shellScript = "diff \"${PODS_PODFILE_DIR_PATH}/Podfile.lock\" \"${PODS_ROOT}/Manifest.lock\" > /dev/null\nif [ $? != 0 ] ; then\n    # print error to STDERR\n    echo \"error: The sandbox is not in sync with the Podfile.lock. Run 'pod install' or update your CocoaPods installation.\" >&2\n    exit 1\nfi\n# This output is used by Xcode 'outputs' to avoid re-running this script phase.\necho \"SUCCESS\" > \"${SCRIPT_OUTPUT_FILE_0}\"\n";
			showEnvVarsInLog = 0;
		};
		B564E5D8E712468F1A9A1A13 /* [CP] Check Pods Manifest.lock */ = {
			isa = PBXShellScriptBuildPhase;
			buildActionMask = 2147483647;
			files = (
			);
			inputFileListPaths = (
			);
			inputPaths = (
				"${PODS_PODFILE_DIR_PATH}/Podfile.lock",
				"${PODS_ROOT}/Manifest.lock",
			);
			name = "[CP] Check Pods Manifest.lock";
			outputFileListPaths = (
			);
			outputPaths = (
				"$(DERIVED_FILE_DIR)/Pods-XTouchBarTests-checkManifestLockResult.txt",
			);
			runOnlyForDeploymentPostprocessing = 0;
			shellPath = /bin/sh;
			shellScript = "diff \"${PODS_PODFILE_DIR_PATH}/Podfile.lock\" \"${PODS_ROOT}/Manifest.lock\" > /dev/null\nif [ $? != 0 ] ; then\n    # print error to STDERR\n    echo \"error: The sandbox is not in sync with the Podfile.lock. Run 'pod install' or update your CocoaPods installation.\" >&2\n    exit 1\nfi\n# This output is used by Xcode 'outputs' to avoid re-running this script phase.\necho \"SUCCESS\" > \"${SCRIPT_OUTPUT_FILE_0}\"\n";
			showEnvVarsInLog = 0;
		};
		E7CC78792447CDB90092AAFF /* ŠwiftLint */ = {
			isa = PBXShellScriptBuildPhase;
			buildActionMask = 2147483647;
			files = (
			);
			inputFileListPaths = (
			);
			inputPaths = (
			);
			name = "ŠwiftLint";
			outputFileListPaths = (
			);
			outputPaths = (
			);
			runOnlyForDeploymentPostprocessing = 0;
			shellPath = /bin/sh;
			shellScript = "\"${PODS_ROOT}/SwiftLint/swiftlint\"\n# YOLO\n";
		};
/* End PBXShellScriptBuildPhase section */

/* Begin PBXSourcesBuildPhase section */
		E72CE39824103A9D00B9283D /* Sources */ = {
			isa = PBXSourcesBuildPhase;
			buildActionMask = 2147483647;
			files = (
				E771848C24505966000DE4EC /* ConfigurationMapper.swift in Sources */,
				E78FF299243F5DB300EBA80D /* Colors.swift in Sources */,
				38C2BCE5243E5C4B0009A015 /* Key.swift in Sources */,
				E751310624701EC7003B7A54 /* TouchBar+Identifiers.swift in Sources */,
				E7718484244F630F000DE4EC /* Shortcut+Instances.swift in Sources */,
				E796044A24367E3100F39215 /* Constants.swift in Sources */,
				E771848A245055BA000DE4EC /* Configuration.swift in Sources */,
				E771847F244F5812000DE4EC /* ConfigurationStorage.swift in Sources */,
				E7557608243BAC2800441B69 /* TouchBarPresenter.swift in Sources */,
				E7718486244FAC39000DE4EC /* MenuCreator.swift in Sources */,
				E78F583D2413C6AC00420566 /* NSTouchbarSupport.swift in Sources */,
				E72CE3A024103A9D00B9283D /* AppDelegate.swift in Sources */,
				E7CC787E2447E59D0092AAFF /* KeyPresser.swift in Sources */,
				38C2BCE3243E5C330009A015 /* Shortcut.swift in Sources */,
			);
			runOnlyForDeploymentPostprocessing = 0;
		};
		E72CE3AA24103AA000B9283D /* Sources */ = {
			isa = PBXSourcesBuildPhase;
			buildActionMask = 2147483647;
			files = (
				E72CE3B324103AA100B9283D /* XTouchBarTests.swift in Sources */,
			);
			runOnlyForDeploymentPostprocessing = 0;
		};
/* End PBXSourcesBuildPhase section */

/* Begin PBXTargetDependency section */
		E72CE3B024103AA100B9283D /* PBXTargetDependency */ = {
			isa = PBXTargetDependency;
			target = E72CE39B24103A9D00B9283D /* XTouchBar */;
			targetProxy = E72CE3AF24103AA100B9283D /* PBXContainerItemProxy */;
		};
/* End PBXTargetDependency section */

/* Begin PBXVariantGroup section */
		E72CE3A524103AA000B9283D /* Main.storyboard */ = {
			isa = PBXVariantGroup;
			children = (
				E72CE3A624103AA000B9283D /* Base */,
			);
			name = Main.storyboard;
			sourceTree = "<group>";
		};
/* End PBXVariantGroup section */

/* Begin XCBuildConfiguration section */
		E72CE3B524103AA100B9283D /* Debug */ = {
			isa = XCBuildConfiguration;
			buildSettings = {
				ALWAYS_SEARCH_USER_PATHS = NO;
				CLANG_ANALYZER_NONNULL = YES;
				CLANG_ANALYZER_NUMBER_OBJECT_CONVERSION = YES_AGGRESSIVE;
				CLANG_CXX_LANGUAGE_STANDARD = "gnu++14";
				CLANG_CXX_LIBRARY = "libc++";
				CLANG_ENABLE_MODULES = YES;
				CLANG_ENABLE_OBJC_ARC = YES;
				CLANG_ENABLE_OBJC_WEAK = YES;
				CLANG_WARN_BLOCK_CAPTURE_AUTORELEASING = YES;
				CLANG_WARN_BOOL_CONVERSION = YES;
				CLANG_WARN_COMMA = YES;
				CLANG_WARN_CONSTANT_CONVERSION = YES;
				CLANG_WARN_DEPRECATED_OBJC_IMPLEMENTATIONS = YES;
				CLANG_WARN_DIRECT_OBJC_ISA_USAGE = YES_ERROR;
				CLANG_WARN_DOCUMENTATION_COMMENTS = YES;
				CLANG_WARN_EMPTY_BODY = YES;
				CLANG_WARN_ENUM_CONVERSION = YES;
				CLANG_WARN_INFINITE_RECURSION = YES;
				CLANG_WARN_INT_CONVERSION = YES;
				CLANG_WARN_NON_LITERAL_NULL_CONVERSION = YES;
				CLANG_WARN_OBJC_IMPLICIT_RETAIN_SELF = YES;
				CLANG_WARN_OBJC_LITERAL_CONVERSION = YES;
				CLANG_WARN_OBJC_ROOT_CLASS = YES_ERROR;
				CLANG_WARN_RANGE_LOOP_ANALYSIS = YES;
				CLANG_WARN_STRICT_PROTOTYPES = YES;
				CLANG_WARN_SUSPICIOUS_MOVE = YES;
				CLANG_WARN_UNGUARDED_AVAILABILITY = YES_AGGRESSIVE;
				CLANG_WARN_UNREACHABLE_CODE = YES;
				CLANG_WARN__DUPLICATE_METHOD_MATCH = YES;
				COPY_PHASE_STRIP = NO;
				DEBUG_INFORMATION_FORMAT = dwarf;
				ENABLE_STRICT_OBJC_MSGSEND = YES;
				ENABLE_TESTABILITY = YES;
				GCC_C_LANGUAGE_STANDARD = gnu11;
				GCC_DYNAMIC_NO_PIC = NO;
				GCC_NO_COMMON_BLOCKS = YES;
				GCC_OPTIMIZATION_LEVEL = 0;
				GCC_PREPROCESSOR_DEFINITIONS = (
					"DEBUG=1",
					"$(inherited)",
				);
				GCC_WARN_64_TO_32_BIT_CONVERSION = YES;
				GCC_WARN_ABOUT_RETURN_TYPE = YES_ERROR;
				GCC_WARN_UNDECLARED_SELECTOR = YES;
				GCC_WARN_UNINITIALIZED_AUTOS = YES_AGGRESSIVE;
				GCC_WARN_UNUSED_FUNCTION = YES;
				GCC_WARN_UNUSED_VARIABLE = YES;
				MACOSX_DEPLOYMENT_TARGET = 10.15;
				MTL_ENABLE_DEBUG_INFO = INCLUDE_SOURCE;
				MTL_FAST_MATH = YES;
				ONLY_ACTIVE_ARCH = YES;
				SDKROOT = macosx;
				SWIFT_ACTIVE_COMPILATION_CONDITIONS = DEBUG;
				SWIFT_OPTIMIZATION_LEVEL = "-Onone";
			};
			name = Debug;
		};
		E72CE3B624103AA100B9283D /* Release */ = {
			isa = XCBuildConfiguration;
			buildSettings = {
				ALWAYS_SEARCH_USER_PATHS = NO;
				CLANG_ANALYZER_NONNULL = YES;
				CLANG_ANALYZER_NUMBER_OBJECT_CONVERSION = YES_AGGRESSIVE;
				CLANG_CXX_LANGUAGE_STANDARD = "gnu++14";
				CLANG_CXX_LIBRARY = "libc++";
				CLANG_ENABLE_MODULES = YES;
				CLANG_ENABLE_OBJC_ARC = YES;
				CLANG_ENABLE_OBJC_WEAK = YES;
				CLANG_WARN_BLOCK_CAPTURE_AUTORELEASING = YES;
				CLANG_WARN_BOOL_CONVERSION = YES;
				CLANG_WARN_COMMA = YES;
				CLANG_WARN_CONSTANT_CONVERSION = YES;
				CLANG_WARN_DEPRECATED_OBJC_IMPLEMENTATIONS = YES;
				CLANG_WARN_DIRECT_OBJC_ISA_USAGE = YES_ERROR;
				CLANG_WARN_DOCUMENTATION_COMMENTS = YES;
				CLANG_WARN_EMPTY_BODY = YES;
				CLANG_WARN_ENUM_CONVERSION = YES;
				CLANG_WARN_INFINITE_RECURSION = YES;
				CLANG_WARN_INT_CONVERSION = YES;
				CLANG_WARN_NON_LITERAL_NULL_CONVERSION = YES;
				CLANG_WARN_OBJC_IMPLICIT_RETAIN_SELF = YES;
				CLANG_WARN_OBJC_LITERAL_CONVERSION = YES;
				CLANG_WARN_OBJC_ROOT_CLASS = YES_ERROR;
				CLANG_WARN_RANGE_LOOP_ANALYSIS = YES;
				CLANG_WARN_STRICT_PROTOTYPES = YES;
				CLANG_WARN_SUSPICIOUS_MOVE = YES;
				CLANG_WARN_UNGUARDED_AVAILABILITY = YES_AGGRESSIVE;
				CLANG_WARN_UNREACHABLE_CODE = YES;
				CLANG_WARN__DUPLICATE_METHOD_MATCH = YES;
				COPY_PHASE_STRIP = NO;
				DEBUG_INFORMATION_FORMAT = "dwarf-with-dsym";
				ENABLE_NS_ASSERTIONS = NO;
				ENABLE_STRICT_OBJC_MSGSEND = YES;
				GCC_C_LANGUAGE_STANDARD = gnu11;
				GCC_NO_COMMON_BLOCKS = YES;
				GCC_WARN_64_TO_32_BIT_CONVERSION = YES;
				GCC_WARN_ABOUT_RETURN_TYPE = YES_ERROR;
				GCC_WARN_UNDECLARED_SELECTOR = YES;
				GCC_WARN_UNINITIALIZED_AUTOS = YES_AGGRESSIVE;
				GCC_WARN_UNUSED_FUNCTION = YES;
				GCC_WARN_UNUSED_VARIABLE = YES;
				MACOSX_DEPLOYMENT_TARGET = 10.15;
				MTL_ENABLE_DEBUG_INFO = NO;
				MTL_FAST_MATH = YES;
				SDKROOT = macosx;
				SWIFT_COMPILATION_MODE = wholemodule;
				SWIFT_OPTIMIZATION_LEVEL = "-O";
			};
			name = Release;
		};
		E72CE3B824103AA100B9283D /* Debug */ = {
			isa = XCBuildConfiguration;
			baseConfigurationReference = 471B4F47B60A01FB0A2FC13F /* Pods-XTouchBar.debug.xcconfig */;
			buildSettings = {
				ASSETCATALOG_COMPILER_APPICON_NAME = AppIcon;
				CLANG_ANALYZER_SECURITY_KEYCHAIN_API = YES;
				CODE_SIGN_ENTITLEMENTS = XTouchBar/XTouchBar.entitlements;
				CODE_SIGN_IDENTITY = "Apple Development";
				CODE_SIGN_STYLE = Automatic;
				COMBINE_HIDPI_IMAGES = YES;
				DEVELOPMENT_TEAM = X2MB65427X;
				ENABLE_HARDENED_RUNTIME = YES;
				FRAMEWORK_SEARCH_PATHS = (
					"$(SYSTEM_LIBRARY_DIR)/PrivateFrameworks",
					/Applications/Xcode.app/Contents/Developer/Library/Frameworks,
					"$(PROJECT_DIR)",
					/Applications/Xcode.app/Contents/Frameworks/,
					/Applications/Xcode.app/Contents/SharedFrameworks/,
				);
				INFOPLIST_FILE = XTouchBar/Info.plist;
				LD_RUNPATH_SEARCH_PATHS = (
					"@loader_path/Frameworks",
					"$(inherited)",
					/Applications/Xcode.app/Contents/Frameworks/,
					/Applications/Xcode.app/Contents/SharedFrameworks/,
					"@executable_path/../Frameworks",
				);
				PRODUCT_BUNDLE_IDENTIFIER = com.dominikbucher.XTouchBar;
				PRODUCT_NAME = "$(TARGET_NAME)";
				PROVISIONING_PROFILE_SPECIFIER = "";
				SWIFT_OBJC_BRIDGING_HEADER = XTouchBar/Bridging.h;
				SWIFT_VERSION = 5.0;
				SYSTEM_FRAMEWORK_SEARCH_PATHS = (
					"$(SYSTEM_LIBRARY_DIR)/PrivateFrameworks",
					/Applications/Xcode.app/Contents/Developer/Library/Frameworks,
					"$(inherited)",
					/Applications/Xcode.app/Contents/Frameworks/,
					/Applications/Xcode.app/Contents/SharedFrameworks/,
				);
			};
			name = Debug;
		};
		E72CE3B924103AA100B9283D /* Release */ = {
			isa = XCBuildConfiguration;
			baseConfigurationReference = 08EAC9769BAEA2862342770F /* Pods-XTouchBar.release.xcconfig */;
			buildSettings = {
				ASSETCATALOG_COMPILER_APPICON_NAME = AppIcon;
				CLANG_ANALYZER_SECURITY_KEYCHAIN_API = YES;
				CODE_SIGN_ENTITLEMENTS = XTouchBar/XTouchBar.entitlements;
				CODE_SIGN_IDENTITY = "Developer ID Application";
				CODE_SIGN_STYLE = Manual;
				COMBINE_HIDPI_IMAGES = YES;
				DEVELOPMENT_TEAM = X2MB65427X;
				ENABLE_HARDENED_RUNTIME = YES;
				FRAMEWORK_SEARCH_PATHS = (
					"$(SYSTEM_LIBRARY_DIR)/PrivateFrameworks",
					/Applications/Xcode.app/Contents/Developer/Library/Frameworks,
					"$(PROJECT_DIR)",
					/Applications/Xcode.app/Contents/Frameworks/,
					/Applications/Xcode.app/Contents/SharedFrameworks/,
				);
				INFOPLIST_FILE = XTouchBar/Info.plist;
				LD_RUNPATH_SEARCH_PATHS = (
					"@loader_path/Frameworks",
					"$(inherited)",
					/Applications/Xcode.app/Contents/Frameworks/,
					/Applications/Xcode.app/Contents/SharedFrameworks/,
					"@executable_path/../Frameworks",
				);
				PRODUCT_BUNDLE_IDENTIFIER = com.dominikbucher.XTouchBar;
				PRODUCT_NAME = "$(TARGET_NAME)";
				PROVISIONING_PROFILE_SPECIFIER = "XTouchBar provisioning profile";
				SWIFT_OBJC_BRIDGING_HEADER = XTouchBar/Bridging.h;
				SWIFT_VERSION = 5.0;
				SYSTEM_FRAMEWORK_SEARCH_PATHS = (
					"$(SYSTEM_LIBRARY_DIR)/PrivateFrameworks",
					/Applications/Xcode.app/Contents/Developer/Library/Frameworks,
					"$(inherited)",
					/Applications/Xcode.app/Contents/Frameworks/,
					/Applications/Xcode.app/Contents/SharedFrameworks/,
				);
			};
			name = Release;
		};
		E72CE3BB24103AA100B9283D /* Debug */ = {
			isa = XCBuildConfiguration;
			baseConfigurationReference = ADB8D748B373379DF8FB7DA0 /* Pods-XTouchBarTests.debug.xcconfig */;
			buildSettings = {
				ALWAYS_EMBED_SWIFT_STANDARD_LIBRARIES = YES;
				BUNDLE_LOADER = "$(TEST_HOST)";
				CODE_SIGN_STYLE = Automatic;
				COMBINE_HIDPI_IMAGES = YES;
				DEVELOPMENT_TEAM = X2MB65427X;
				INFOPLIST_FILE = XTouchBarTests/Info.plist;
				LD_RUNPATH_SEARCH_PATHS = (
					"$(inherited)",
					"@executable_path/../Frameworks",
					"@loader_path/../Frameworks",
				);
				MACOSX_DEPLOYMENT_TARGET = 10.15;
				PRODUCT_BUNDLE_IDENTIFIER = com.dominikbucher.XTouchBarTests;
				PRODUCT_NAME = "$(TARGET_NAME)";
				SWIFT_VERSION = 5.0;
				TEST_HOST = "$(BUILT_PRODUCTS_DIR)/XTouchBar.app/Contents/MacOS/XTouchBar";
			};
			name = Debug;
		};
		E72CE3BC24103AA100B9283D /* Release */ = {
			isa = XCBuildConfiguration;
			baseConfigurationReference = 545549BEFF5E2E7942168D63 /* Pods-XTouchBarTests.release.xcconfig */;
			buildSettings = {
				ALWAYS_EMBED_SWIFT_STANDARD_LIBRARIES = YES;
				BUNDLE_LOADER = "$(TEST_HOST)";
				CODE_SIGN_IDENTITY = "Apple Development";
				CODE_SIGN_STYLE = Automatic;
				COMBINE_HIDPI_IMAGES = YES;
				DEVELOPMENT_TEAM = X2MB65427X;
				INFOPLIST_FILE = XTouchBarTests/Info.plist;
				LD_RUNPATH_SEARCH_PATHS = (
					"$(inherited)",
					"@executable_path/../Frameworks",
					"@loader_path/../Frameworks",
				);
				MACOSX_DEPLOYMENT_TARGET = 10.15;
				PRODUCT_BUNDLE_IDENTIFIER = com.dominikbucher.XTouchBarTests;
				PRODUCT_NAME = "$(TARGET_NAME)";
				SWIFT_VERSION = 5.0;
				TEST_HOST = "$(BUILT_PRODUCTS_DIR)/XTouchBar.app/Contents/MacOS/XTouchBar";
			};
			name = Release;
		};
/* End XCBuildConfiguration section */

/* Begin XCConfigurationList section */
		E72CE39724103A9D00B9283D /* Build configuration list for PBXProject "XTouchBar" */ = {
			isa = XCConfigurationList;
			buildConfigurations = (
				E72CE3B524103AA100B9283D /* Debug */,
				E72CE3B624103AA100B9283D /* Release */,
			);
			defaultConfigurationIsVisible = 0;
			defaultConfigurationName = Release;
		};
		E72CE3B724103AA100B9283D /* Build configuration list for PBXNativeTarget "XTouchBar" */ = {
			isa = XCConfigurationList;
			buildConfigurations = (
				E72CE3B824103AA100B9283D /* Debug */,
				E72CE3B924103AA100B9283D /* Release */,
			);
			defaultConfigurationIsVisible = 0;
			defaultConfigurationName = Release;
		};
		E72CE3BA24103AA100B9283D /* Build configuration list for PBXNativeTarget "XTouchBarTests" */ = {
			isa = XCConfigurationList;
			buildConfigurations = (
				E72CE3BB24103AA100B9283D /* Debug */,
				E72CE3BC24103AA100B9283D /* Release */,
			);
			defaultConfigurationIsVisible = 0;
			defaultConfigurationName = Release;
		};
/* End XCConfigurationList section */
	};
	rootObject = E72CE39424103A9D00B9283D /* Project object */;
}
